# THIS IS AN AUTOGENERATED FILE. DO NOT EDIT THIS FILE DIRECTLY.
# yarn lockfile v1


"@babel/runtime@^7.25.0":
  version "7.27.0"
  dependencies:
    regenerator-runtime "^0.14.0"

"@coral-xyz/anchor-errors@^0.31.0":
  version "0.31.0"
  resolved "https://registry.npmjs.org/@coral-xyz/anchor-errors/-/anchor-errors-0.31.0.tgz"
  integrity sha512-SUERksFSQ+4F11hkROIwHq4mcoSMXJxwVWLoklefi4dU679zVWFVcTq6O7otvjY8wlUaRXeE+iYcQWZTw2ll6w==

"@coral-xyz/anchor@^0.31.0":
  version "0.31.0"
  resolved "https://registry.npmjs.org/@coral-xyz/anchor/-/anchor-0.31.0.tgz"
  integrity sha512-Yb1NwP1s4cWhAw7wL7vOLHSWWw3cD5D9pRCVSeJpdqPaI+w7sfRLScnVJL6ViYMZynB7nAG/5HcUPKUnY0L9rw==
  dependencies:
    "@coral-xyz/anchor-errors" "^0.31.0"
    "@coral-xyz/borsh" "^0.31.0"
    "@noble/hashes" "^1.3.1"
    "@solana/web3.js" "^1.69.0"
    bn.js "^5.1.2"
    bs58 "^4.0.1"
    buffer-layout "^1.2.2"
    camelcase "^6.3.0"
    cross-fetch "^3.1.5"
    eventemitter3 "^4.0.7"
    pako "^2.0.3"
    superstruct "^0.15.4"
    toml "^3.0.0"

"@coral-xyz/borsh@^0.31.0":
  version "0.31.0"
  resolved "https://registry.npmjs.org/@coral-xyz/borsh/-/borsh-0.31.0.tgz"
  integrity sha512-DwdQ5fuj+rGQCTKRnxnW1W2lvcpBaFc9m9M1TcGGlm+bwCcggmDgbLKLgF+LjIrKnc7Nd+bCACx5RA9YTK2I4Q==
  dependencies:
    bn.js "^5.1.2"
    buffer-layout "^1.2.0"

"@cspotcode/source-map-support@^0.8.0":
  version "0.8.1"
  dependencies:
    "@jridgewell/trace-mapping" "0.3.9"

"@jridgewell/resolve-uri@^3.0.3":
  version "3.1.2"

"@jridgewell/sourcemap-codec@^1.4.10":
  version "1.5.0"

"@jridgewell/trace-mapping@0.3.9":
  version "0.3.9"
  dependencies:
    "@jridgewell/resolve-uri" "^3.0.3"
    "@jridgewell/sourcemap-codec" "^1.4.10"

"@noble/curves@^1.4.2":
  version "1.8.1"
  dependencies:
    "@noble/hashes" "1.7.1"

"@noble/hashes@^1.3.1", "@noble/hashes@^1.4.0", "@noble/hashes@1.7.1":
  version "1.7.1"

"@solana/buffer-layout@^4.0.1":
  version "4.0.1"
  dependencies:
    buffer "~6.0.3"

"@solana/web3.js@^1.69.0", "@solana/web3.js@^1.98.0":
  version "1.98.0"
  dependencies:
    "@babel/runtime" "^7.25.0"
    "@noble/curves" "^1.4.2"
    "@noble/hashes" "^1.4.0"
    "@solana/buffer-layout" "^4.0.1"
    agentkeepalive "^4.5.0"
    bigint-buffer "^1.1.5"
    bn.js "^5.2.1"
    borsh "^0.7.0"
    bs58 "^4.0.1"
    buffer "6.0.3"
    fast-stable-stringify "^1.0.0"
    jayson "^4.1.1"
    node-fetch "^2.7.0"
    rpc-websockets "^9.0.2"
    superstruct "^2.0.2"

"@swc/helpers@^0.5.11":
  version "0.5.15"
  dependencies:
    tslib "^2.8.0"

"@tsconfig/node10@^1.0.7":
  version "1.0.11"

"@tsconfig/node12@^1.0.7":
  version "1.0.11"

"@tsconfig/node14@^1.0.0":
  version "1.0.3"

"@tsconfig/node16@^1.0.2":
  version "1.0.4"

"@types/connect@^3.4.33":
  version "3.4.38"
  dependencies:
    "@types/node" "*"

"@types/node@*", "@types/node@^22.13.13":
  version "22.13.13"
  dependencies:
    undici-types "~6.20.0"

"@types/node@^12.12.54":
  version "12.20.55"

"@types/prompt-sync@^4.2.3":
  version "4.2.3"
  resolved "https://registry.npmjs.org/@types/prompt-sync/-/prompt-sync-4.2.3.tgz"
  integrity sha512-Ox77gCSx0YyeakGt/qfOZUSFNSSi+sh3ABoGOiCwiO2KODx492BJnUm9oIXS+AHJtqp12iM4RduY6viTJ9bYwA==

"@types/uuid@^8.3.4":
  version "8.3.4"

"@types/ws@^7.4.4":
  version "7.4.7"
  dependencies:
    "@types/node" "*"

"@types/ws@^8.2.2":
  version "8.18.0"
  dependencies:
    "@types/node" "*"

acorn-walk@^8.1.1:
  version "8.3.4"
  dependencies:
    acorn "^8.11.0"

acorn@^8.11.0, acorn@^8.4.1:
  version "8.14.1"

agentkeepalive@^4.5.0:
  version "4.6.0"
  dependencies:
    humanize-ms "^1.2.1"

ansi-regex@^4.1.0:
  version "4.1.1"
  resolved "https://registry.npmjs.org/ansi-regex/-/ansi-regex-4.1.1.tgz"
  integrity sha512-ILlv4k/3f6vfQ4OoP2AGvirOktlQ98ZEL1k9FaQjxa3L1abBgbuTDAdPOpvbGncC0BTVQrl+OM8xZGK6tWXt7g==

arg@^4.1.0:
  version "4.1.3"

base-x@^3.0.2:
  version "3.0.11"
  dependencies:
    safe-buffer "^5.0.1"

base-x@^5.0.0:
  version "5.0.1"

base64-js@^1.3.1:
  version "1.5.1"

bigint-buffer@^1.1.5:
  version "1.1.5"
  dependencies:
    bindings "^1.3.0"

bindings@^1.3.0:
  version "1.5.0"
  dependencies:
    file-uri-to-path "1.0.0"

bn.js@^5.1.2, bn.js@^5.2.0, bn.js@^5.2.1:
  version "5.2.1"

borsh@^0.7.0:
  version "0.7.0"
  dependencies:
    bn.js "^5.2.0"
    bs58 "^4.0.0"
    text-encoding-utf-8 "^1.0.2"

bs58@^4.0.0:
  version "4.0.1"
  dependencies:
    base-x "^3.0.2"

bs58@^4.0.1:
  version "4.0.1"
  resolved "https://registry.npmjs.org/bs58/-/bs58-4.0.1.tgz"
  integrity sha512-Ok3Wdf5vOIlBrgCvTq96gBkJw+JUEzdBgyaza5HLtPm7yTHkjRy8+JzNyHF7BHa0bNWOQIp3m5YF0nnFcOIKLw==
  dependencies:
    base-x "^3.0.2"

bs58@^6.0.0:
  version "6.0.0"
  dependencies:
    base-x "^5.0.0"

buffer-layout@^1.2.0, buffer-layout@^1.2.2:
  version "1.2.2"
  resolved "https://registry.npmjs.org/buffer-layout/-/buffer-layout-1.2.2.tgz"
  integrity sha512-kWSuLN694+KTk8SrYvCqwP2WcgQjoRCiF5b4QDvkkz8EmgD+aWAIceGFKMIAdmF/pH+vpgNV3d3kAKorcdAmWA==

buffer@^6.0.3, buffer@~6.0.3, buffer@6.0.3:
  version "6.0.3"
  dependencies:
    base64-js "^1.3.1"
    ieee754 "^1.2.1"

bufferutil@^4.0.1:
  version "4.0.9"
  dependencies:
    node-gyp-build "^4.3.0"

camelcase@^6.3.0:
  version "6.3.0"
  resolved "https://registry.npmjs.org/camelcase/-/camelcase-6.3.0.tgz"
  integrity sha512-Gmy6FhYlCY7uOElZUSbxo2UCDH8owEk996gkbrpsgGtrJLM3J7jGxl9Ic7Qwwj4ivOE5AWZWRMecDdF7hqGjFA==

commander@^2.20.3:
  version "2.20.3"

create-require@^1.1.0:
  version "1.1.1"

cross-fetch@^3.1.5:
  version "3.2.0"
  resolved "https://registry.npmjs.org/cross-fetch/-/cross-fetch-3.2.0.tgz"
  integrity sha512-Q+xVJLoGOeIMXZmbUK4HYk+69cQH6LudR0Vu/pRm2YlU/hDV9CiS0gKUMaWY5f2NeUH9C1nV3bsTlCo0FsTV1Q==
  dependencies:
    node-fetch "^2.7.0"

delay@^5.0.0:
  version "5.0.0"

diff@^4.0.1:
  version "4.0.2"

encoding@^0.1.0:
  version "0.1.13"
  dependencies:
    iconv-lite "^0.6.2"

es6-promise@^4.0.3:
  version "4.2.8"

es6-promisify@^5.0.0:
  version "5.0.0"
  dependencies:
    es6-promise "^4.0.3"

eventemitter3@^4.0.7:
  version "4.0.7"
  resolved "https://registry.npmjs.org/eventemitter3/-/eventemitter3-4.0.7.tgz"
  integrity sha512-8guHBZCwKnFhYdHr2ysuRWErTwhoN2X8XELRlrRwpmfeY2jjuUN4taQMsULKUVo1K4DvZl+0pgfyoysHxvmvEw==

eventemitter3@^5.0.1:
  version "5.0.1"

eyes@^0.1.8:
  version "0.1.8"

fast-stable-stringify@^1.0.0:
  version "1.0.0"

file-uri-to-path@1.0.0:
  version "1.0.0"

humanize-ms@^1.2.1:
  version "1.2.1"
  dependencies:
    ms "^2.0.0"

iconv-lite@^0.6.2:
  version "0.6.3"
  dependencies:
    safer-buffer ">= 2.1.2 < 3.0.0"

ieee754@^1.2.1:
  version "1.2.1"

isomorphic-ws@^4.0.1:
  version "4.0.1"

jayson@^4.1.1:
  version "4.1.3"
  dependencies:
    "@types/connect" "^3.4.33"
    "@types/node" "^12.12.54"
    "@types/ws" "^7.4.4"
    commander "^2.20.3"
    delay "^5.0.0"
    es6-promisify "^5.0.0"
    eyes "^0.1.8"
    isomorphic-ws "^4.0.1"
    json-stringify-safe "^5.0.1"
    JSONStream "^1.3.5"
    uuid "^8.3.2"
    ws "^7.5.10"

json-stringify-safe@^5.0.1:
  version "5.0.1"

jsonparse@^1.2.0:
  version "1.3.1"

JSONStream@^1.3.5:
  version "1.3.5"
  dependencies:
    jsonparse "^1.2.0"
    through ">=2.2.7 <3"

make-error@^1.1.1:
  version "1.3.6"

ms@^2.0.0:
  version "2.1.3"

node-fetch@^2.7.0:
  version "2.7.0"
  dependencies:
    whatwg-url "^5.0.0"

node-gyp-build@^4.3.0:
  version "4.8.4"

pako@^2.0.3:
  version "2.1.0"
  resolved "https://registry.npmjs.org/pako/-/pako-2.1.0.tgz"
  integrity sha512-w+eufiZ1WuJYgPXbV/PO3NCMEc3xqylkKHzp8bxp1uW4qaSNQUkwmLLEc3kKsfz8lpV1F8Ht3U1Cm+9Srog2ug==

prompt-sync@^4.2.0:
  version "4.2.0"
  resolved "https://registry.npmjs.org/prompt-sync/-/prompt-sync-4.2.0.tgz"
  integrity sha512-BuEzzc5zptP5LsgV5MZETjDaKSWfchl5U9Luiu8SKp7iZWD5tZalOxvNcZRwv+d2phNFr8xlbxmFNcRKfJOzJw==
  dependencies:
    strip-ansi "^5.0.0"

regenerator-runtime@^0.14.0:
  version "0.14.1"

rpc-websockets@^9.0.2:
  version "9.1.1"
  dependencies:
    "@swc/helpers" "^0.5.11"
    "@types/uuid" "^8.3.4"
    "@types/ws" "^8.2.2"
    buffer "^6.0.3"
    eventemitter3 "^5.0.1"
    uuid "^8.3.2"
    ws "^8.5.0"
  optionalDependencies:
    bufferutil "^4.0.1"
    utf-8-validate "^5.0.2"

safe-buffer@^5.0.1:
  version "5.2.1"

"safer-buffer@>= 2.1.2 < 3.0.0":
  version "2.1.2"

strip-ansi@^5.0.0:
  version "5.2.0"
  resolved "https://registry.npmjs.org/strip-ansi/-/strip-ansi-5.2.0.tgz"
  integrity sha512-DuRs1gKbBqsMKIZlrffwlug8MHkcnpjs5VPmL1PAh+mA30U0DTotfDZ0d2UUsXpPmPmMMJ6W773MaA3J+lbiWA==
  dependencies:
    ansi-regex "^4.1.0"

superstruct@^0.15.4:
  version "0.15.5"
  resolved "https://registry.npmjs.org/superstruct/-/superstruct-0.15.5.tgz"
  integrity sha512-4AOeU+P5UuE/4nOUkmcQdW5y7i9ndt1cQd/3iUe+LTz3RxESf/W/5lg4B74HbDMMv8PHnPnGCQFH45kBcrQYoQ==

superstruct@^2.0.2:
  version "2.0.2"

text-encoding-utf-8@^1.0.2:
  version "1.0.2"

"through@>=2.2.7 <3":
  version "2.3.8"

toml@^3.0.0:
  version "3.0.0"
  resolved "https://registry.npmjs.org/toml/-/toml-3.0.0.tgz"
  integrity sha512-y/mWCZinnvxjTKYhJ+pYxwD0mRLVvOtdS2Awbgxln6iEnt4rk0yBxeSBHkGJcPucRiG0e55mwWp+g/05rsrd6w==

tr46@~0.0.3:
  version "0.0.3"

ts-node@^10.9.2:
  version "10.9.2"
  dependencies:
    "@cspotcode/source-map-support" "^0.8.0"
    "@tsconfig/node10" "^1.0.7"
    "@tsconfig/node12" "^1.0.7"
    "@tsconfig/node14" "^1.0.0"
    "@tsconfig/node16" "^1.0.2"
    acorn "^8.4.1"
    acorn-walk "^8.1.1"
    arg "^4.1.0"
    create-require "^1.1.0"
    diff "^4.0.1"
    make-error "^1.1.1"
    v8-compile-cache-lib "^3.0.1"
    yn "3.1.1"

tslib@^2.8.0:
  version "2.8.1"

typescript@^5.8.2, typescript@>=2.7:
  version "5.8.2"

undici-types@~6.20.0:
  version "6.20.0"

utf-8-validate@^5.0.2, utf-8-validate@>=5.0.2:
  version "5.0.10"
  dependencies:
    node-gyp-build "^4.3.0"

uuid@^8.3.2:
  version "8.3.2"

v8-compile-cache-lib@^3.0.1:
  version "3.0.1"

webidl-conversions@^3.0.0:
  version "3.0.1"

whatwg-url@^5.0.0:
  version "5.0.0"
  dependencies:
    tr46 "~0.0.3"
    webidl-conversions "^3.0.0"

ws@*, ws@^7.5.10:
  version "7.5.10"

ws@^8.5.0:
  version "8.18.1"

yn@3.1.1:
  version "3.1.1"
